// !$*UTF8*$!
{
	archiveVersion = 1;
	classes = {
	};
	objectVersion = 56;
	objects = {

/* Begin PBXBuildFile section */
		3D7DFAD828DD02D40019C6F0 /* Persons.swift in Sources */ = {isa = PBXBuildFile; fileRef = 3D7DFAD728DD02D40019C6F0 /* Persons.swift */; };
		3D9073C228DC95B8008C1551 /* main.swift in Sources */ = {isa = PBXBuildFile; fileRef = 3D9073C128DC95B8008C1551 /* main.swift */; };
		3D9073C928DC9CB6008C1551 /* Image-Text.swift in Sources */ = {isa = PBXBuildFile; fileRef = 3D9073C828DC9CB6008C1551 /* Image-Text.swift */; };
		3D9073CB28DCB0CF008C1551 /* MainMenu.swift in Sources */ = {isa = PBXBuildFile; fileRef = 3D9073CA28DCB0CF008C1551 /* MainMenu.swift */; };
		3DE2B89B28DDD53300F45D2A /* Sellable.swift in Sources */ = {isa = PBXBuildFile; fileRef = 3DE2B89A28DDD53300F45D2A /* Sellable.swift */; };
		3DE2B89D28DDD67800F45D2A /* MarketObject.swift in Sources */ = {isa = PBXBuildFile; fileRef = 3DE2B89C28DDD67800F45D2A /* MarketObject.swift */; };
		3DE2B8A028DDDF8700F45D2A /* FightMenu.swift in Sources */ = {isa = PBXBuildFile; fileRef = 3DE2B89F28DDDF8700F45D2A /* FightMenu.swift */; };
		3DE2B8A228DDF2C100F45D2A /* TrainingMenu.swift in Sources */ = {isa = PBXBuildFile; fileRef = 3DE2B8A128DDF2C100F45D2A /* TrainingMenu.swift */; };
		3DE2B8A428DDF9D300F45D2A /* RestMenu.swift in Sources */ = {isa = PBXBuildFile; fileRef = 3DE2B8A328DDF9D300F45D2A /* RestMenu.swift */; };
		3DE2B8A628DDFF3900F45D2A /* MorpheusMenu.swift in Sources */ = {isa = PBXBuildFile; fileRef = 3DE2B8A528DDFF3900F45D2A /* MorpheusMenu.swift */; };
/* End PBXBuildFile section */

/* Begin PBXCopyFilesBuildPhase section */
		3D9073BC28DC95B8008C1551 /* CopyFiles */ = {
			isa = PBXCopyFilesBuildPhase;
			buildActionMask = 2147483647;
			dstPath = /usr/share/man/man1/;
			dstSubfolderSpec = 0;
			files = (
			);
			runOnlyForDeploymentPostprocessing = 1;
		};
/* End PBXCopyFilesBuildPhase section */

/* Begin PBXFileReference section */
		3D7DFAD728DD02D40019C6F0 /* Persons.swift */ = {isa = PBXFileReference; lastKnownFileType = sourcecode.swift; path = Persons.swift; sourceTree = "<group>"; };
		3D9073BE28DC95B8008C1551 /* TheMatrix */ = {isa = PBXFileReference; explicitFileType = "compiled.mach-o.executable"; includeInIndex = 0; path = TheMatrix; sourceTree = BUILT_PRODUCTS_DIR; };
		3D9073C128DC95B8008C1551 /* main.swift */ = {isa = PBXFileReference; lastKnownFileType = sourcecode.swift; path = main.swift; sourceTree = "<group>"; };
		3D9073C828DC9CB6008C1551 /* Image-Text.swift */ = {isa = PBXFileReference; lastKnownFileType = sourcecode.swift; path = "Image-Text.swift"; sourceTree = "<group>"; };
		3D9073CA28DCB0CF008C1551 /* MainMenu.swift */ = {isa = PBXFileReference; lastKnownFileType = sourcecode.swift; path = MainMenu.swift; sourceTree = "<group>"; };
		3DE2B89A28DDD53300F45D2A /* Sellable.swift */ = {isa = PBXFileReference; lastKnownFileType = sourcecode.swift; path = Sellable.swift; sourceTree = "<group>"; };
		3DE2B89C28DDD67800F45D2A /* MarketObject.swift */ = {isa = PBXFileReference; lastKnownFileType = sourcecode.swift; path = MarketObject.swift; sourceTree = "<group>"; };
		3DE2B89F28DDDF8700F45D2A /* FightMenu.swift */ = {isa = PBXFileReference; lastKnownFileType = sourcecode.swift; path = FightMenu.swift; sourceTree = "<group>"; };
		3DE2B8A128DDF2C100F45D2A /* TrainingMenu.swift */ = {isa = PBXFileReference; lastKnownFileType = sourcecode.swift; path = TrainingMenu.swift; sourceTree = "<group>"; };
		3DE2B8A328DDF9D300F45D2A /* RestMenu.swift */ = {isa = PBXFileReference; lastKnownFileType = sourcecode.swift; path = RestMenu.swift; sourceTree = "<group>"; };
		3DE2B8A528DDFF3900F45D2A /* MorpheusMenu.swift */ = {isa = PBXFileReference; lastKnownFileType = sourcecode.swift; path = MorpheusMenu.swift; sourceTree = "<group>"; };
/* End PBXFileReference section */

/* Begin PBXFrameworksBuildPhase section */
		3D9073BB28DC95B8008C1551 /* Frameworks */ = {
			isa = PBXFrameworksBuildPhase;
			buildActionMask = 2147483647;
			files = (
			);
			runOnlyForDeploymentPostprocessing = 0;
		};
/* End PBXFrameworksBuildPhase section */

/* Begin PBXGroup section */
		3D9073B528DC95B8008C1551 = {
			isa = PBXGroup;
			children = (
				3D9073C028DC95B8008C1551 /* TheMatrix */,
				3D9073BF28DC95B8008C1551 /* Products */,
			);
			sourceTree = "<group>";
		};
		3D9073BF28DC95B8008C1551 /* Products */ = {
			isa = PBXGroup;
			children = (
				3D9073BE28DC95B8008C1551 /* TheMatrix */,
			);
			name = Products;
			sourceTree = "<group>";
		};
		3D9073C028DC95B8008C1551 /* TheMatrix */ = {
			isa = PBXGroup;
			children = (
				3DE2B89E28DDDA1A00F45D2A /* Menus */,
				3D9073C128DC95B8008C1551 /* main.swift */,
				3D9073C828DC9CB6008C1551 /* Image-Text.swift */,
				3D7DFAD728DD02D40019C6F0 /* Persons.swift */,
				3DE2B89A28DDD53300F45D2A /* Sellable.swift */,
				3DE2B89C28DDD67800F45D2A /* MarketObject.swift */,
			);
			path = TheMatrix;
			sourceTree = "<group>";
		};
		3DE2B89E28DDDA1A00F45D2A /* Menus */ = {
			isa = PBXGroup;
			children = (
				3D9073CA28DCB0CF008C1551 /* MainMenu.swift */,
				3DE2B89F28DDDF8700F45D2A /* FightMenu.swift */,
				3DE2B8A128DDF2C100F45D2A /* TrainingMenu.swift */,
				3DE2B8A328DDF9D300F45D2A /* RestMenu.swift */,
				3DE2B8A528DDFF3900F45D2A /* MorpheusMenu.swift */,
			);
			path = Menus;
			sourceTree = "<group>";
		};
/* End PBXGroup section */

/* Begin PBXNativeTarget section */
		3D9073BD28DC95B8008C1551 /* TheMatrix */ = {
			isa = PBXNativeTarget;
			buildConfigurationList = 3D9073C528DC95B8008C1551 /* Build configuration list for PBXNativeTarget "TheMatrix" */;
			buildPhases = (
				3D9073BA28DC95B8008C1551 /* Sources */,
				3D9073BB28DC95B8008C1551 /* Frameworks */,
				3D9073BC28DC95B8008C1551 /* CopyFiles */,
			);
			buildRules = (
			);
			dependencies = (
			);
			name = TheMatrix;
			productName = TheMatrix;
			productReference = 3D9073BE28DC95B8008C1551 /* TheMatrix */;
			productType = "com.apple.product-type.tool";
		};
/* End PBXNativeTarget section */

/* Begin PBXProject section */
		3D9073B628DC95B8008C1551 /* Project object */ = {
			isa = PBXProject;
			attributes = {
				BuildIndependentTargetsInParallel = 1;
				LastSwiftUpdateCheck = 1400;
				LastUpgradeCheck = 1400;
				TargetAttributes = {
					3D9073BD28DC95B8008C1551 = {
						CreatedOnToolsVersion = 14.0;
					};
				};
			};
			buildConfigurationList = 3D9073B928DC95B8008C1551 /* Build configuration list for PBXProject "TheMatrix" */;
			compatibilityVersion = "Xcode 14.0";
			developmentRegion = en;
			hasScannedForEncodings = 0;
			knownRegions = (
				en,
				Base,
			);
			mainGroup = 3D9073B528DC95B8008C1551;
			productRefGroup = 3D9073BF28DC95B8008C1551 /* Products */;
			projectDirPath = "";
			projectRoot = "";
			targets = (
				3D9073BD28DC95B8008C1551 /* TheMatrix */,
			);
		};
/* End PBXProject section */

/* Begin PBXSourcesBuildPhase section */
		3D9073BA28DC95B8008C1551 /* Sources */ = {
			isa = PBXSourcesBuildPhase;
			buildActionMask = 2147483647;
			files = (
				3DE2B89B28DDD53300F45D2A /* Sellable.swift in Sources */,
				3D9073C928DC9CB6008C1551 /* Image-Text.swift in Sources */,
				3DE2B89D28DDD67800F45D2A /* MarketObject.swift in Sources */,
				3DE2B8A028DDDF8700F45D2A /* FightMenu.swift in Sources */,
				3D9073CB28DCB0CF008C1551 /* MainMenu.swift in Sources */,
				3D7DFAD828DD02D40019C6F0 /* Persons.swift in Sources */,
				3DE2B8A228DDF2C100F45D2A /* TrainingMenu.swift in Sources */,
				3DE2B8A628DDFF3900F45D2A /* MorpheusMenu.swift in Sources */,
				3DE2B8A428DDF9D300F45D2A /* RestMenu.swift in Sources */,
				3D9073C228DC95B8008C1551 /* main.swift in Sources */,
			);
			runOnlyForDeploymentPostprocessing = 0;
		};
/* End PBXSourcesBuildPhase section */

/* Begin XCBuildConfiguration section */
		3D9073C328DC95B8008C1551 /* Debug */ = {
			isa = XCBuildConfiguration;
			buildSettings = {
				ALWAYS_SEARCH_USER_PATHS = NO;
				CLANG_ANALYZER_NONNULL = YES;
				CLANG_ANALYZER_NUMBER_OBJECT_CONVERSION = YES_AGGRESSIVE;
				CLANG_CXX_LANGUAGE_STANDARD = "gnu++20";
				CLANG_ENABLE_MODULES = YES;
				CLANG_ENABLE_OBJC_ARC = YES;
				CLANG_ENABLE_OBJC_WEAK = YES;
				CLANG_WARN_BLOCK_CAPTURE_AUTORELEASING = YES;
				CLANG_WARN_BOOL_CONVERSION = YES;
				CLANG_WARN_COMMA = YES;
				CLANG_WARN_CONSTANT_CONVERSION = YES;
				CLANG_WARN_DEPRECATED_OBJC_IMPLEMENTATIONS = YES;
				CLANG_WARN_DIRECT_OBJC_ISA_USAGE = YES_ERROR;
				CLANG_WARN_DOCUMENTATION_COMMENTS = YES;
				CLANG_WARN_EMPTY_BODY = YES;
				CLANG_WARN_ENUM_CONVERSION = YES;
				CLANG_WARN_INFINITE_RECURSION = YES;
				CLANG_WARN_INT_CONVERSION = YES;
				CLANG_WARN_NON_LITERAL_NULL_CONVERSION = YES;
				CLANG_WARN_OBJC_IMPLICIT_RETAIN_SELF = YES;
				CLANG_WARN_OBJC_LITERAL_CONVERSION = YES;
				CLANG_WARN_OBJC_ROOT_CLASS = YES_ERROR;
				CLANG_WARN_QUOTED_INCLUDE_IN_FRAMEWORK_HEADER = YES;
				CLANG_WARN_RANGE_LOOP_ANALYSIS = YES;
				CLANG_WARN_STRICT_PROTOTYPES = YES;
				CLANG_WARN_SUSPICIOUS_MOVE = YES;
				CLANG_WARN_UNGUARDED_AVAILABILITY = YES_AGGRESSIVE;
				CLANG_WARN_UNREACHABLE_CODE = YES;
				CLANG_WARN__DUPLICATE_METHOD_MATCH = YES;
				COPY_PHASE_STRIP = NO;
				DEBUG_INFORMATION_FORMAT = dwarf;
				ENABLE_STRICT_OBJC_MSGSEND = YES;
				ENABLE_TESTABILITY = YES;
				GCC_C_LANGUAGE_STANDARD = gnu11;
				GCC_DYNAMIC_NO_PIC = NO;
				GCC_NO_COMMON_BLOCKS = YES;
				GCC_OPTIMIZATION_LEVEL = 0;
				GCC_PREPROCESSOR_DEFINITIONS = (
					"DEBUG=1",
					"$(inherited)",
				);
				GCC_WARN_64_TO_32_BIT_CONVERSION = YES;
				GCC_WARN_ABOUT_RETURN_TYPE = YES_ERROR;
				GCC_WARN_UNDECLARED_SELECTOR = YES;
				GCC_WARN_UNINITIALIZED_AUTOS = YES_AGGRESSIVE;
				GCC_WARN_UNUSED_FUNCTION = YES;
				GCC_WARN_UNUSED_VARIABLE = YES;
				MACOSX_DEPLOYMENT_TARGET = 12.3;
				MTL_ENABLE_DEBUG_INFO = INCLUDE_SOURCE;
				MTL_FAST_MATH = YES;
				ONLY_ACTIVE_ARCH = YES;
				SDKROOT = macosx;
				SWIFT_ACTIVE_COMPILATION_CONDITIONS = DEBUG;
				SWIFT_OPTIMIZATION_LEVEL = "-Onone";
			};
			name = Debug;
		};
		3D9073C428DC95B8008C1551 /* Release */ = {
			isa = XCBuildConfiguration;
			buildSettings = {
				ALWAYS_SEARCH_USER_PATHS = NO;
				CLANG_ANALYZER_NONNULL = YES;
				CLANG_ANALYZER_NUMBER_OBJECT_CONVERSION = YES_AGGRESSIVE;
				CLANG_CXX_LANGUAGE_STANDARD = "gnu++20";
				CLANG_ENABLE_MODULES = YES;
				CLANG_ENABLE_OBJC_ARC = YES;
				CLANG_ENABLE_OBJC_WEAK = YES;
				CLANG_WARN_BLOCK_CAPTURE_AUTORELEASING = YES;
				CLANG_WARN_BOOL_CONVERSION = YES;
				CLANG_WARN_COMMA = YES;
				CLANG_WARN_CONSTANT_CONVERSION = YES;
				CLANG_WARN_DEPRECATED_OBJC_IMPLEMENTATIONS = YES;
				CLANG_WARN_DIRECT_OBJC_ISA_USAGE = YES_ERROR;
				CLANG_WARN_DOCUMENTATION_COMMENTS = YES;
				CLANG_WARN_EMPTY_BODY = YES;
				CLANG_WARN_ENUM_CONVERSION = YES;
				CLANG_WARN_INFINITE_RECURSION = YES;
				CLANG_WARN_INT_CONVERSION = YES;
				CLANG_WARN_NON_LITERAL_NULL_CONVERSION = YES;
				CLANG_WARN_OBJC_IMPLICIT_RETAIN_SELF = YES;
				CLANG_WARN_OBJC_LITERAL_CONVERSION = YES;
				CLANG_WARN_OBJC_ROOT_CLASS = YES_ERROR;
				CLANG_WARN_QUOTED_INCLUDE_IN_FRAMEWORK_HEADER = YES;
				CLANG_WARN_RANGE_LOOP_ANALYSIS = YES;
				CLANG_WARN_STRICT_PROTOTYPES = YES;
				CLANG_WARN_SUSPICIOUS_MOVE = YES;
				CLANG_WARN_UNGUARDED_AVAILABILITY = YES_AGGRESSIVE;
				CLANG_WARN_UNREACHABLE_CODE = YES;
				CLANG_WARN__DUPLICATE_METHOD_MATCH = YES;
				COPY_PHASE_STRIP = NO;
				DEBUG_INFORMATION_FORMAT = "dwarf-with-dsym";
				ENABLE_NS_ASSERTIONS = NO;
				ENABLE_STRICT_OBJC_MSGSEND = YES;
				GCC_C_LANGUAGE_STANDARD = gnu11;
				GCC_NO_COMMON_BLOCKS = YES;
				GCC_WARN_64_TO_32_BIT_CONVERSION = YES;
				GCC_WARN_ABOUT_RETURN_TYPE = YES_ERROR;
				GCC_WARN_UNDECLARED_SELECTOR = YES;
				GCC_WARN_UNINITIALIZED_AUTOS = YES_AGGRESSIVE;
				GCC_WARN_UNUSED_FUNCTION = YES;
				GCC_WARN_UNUSED_VARIABLE = YES;
				MACOSX_DEPLOYMENT_TARGET = 12.3;
				MTL_ENABLE_DEBUG_INFO = NO;
				MTL_FAST_MATH = YES;
				SDKROOT = macosx;
				SWIFT_COMPILATION_MODE = wholemodule;
				SWIFT_OPTIMIZATION_LEVEL = "-O";
			};
			name = Release;
		};
		3D9073C628DC95B8008C1551 /* Debug */ = {
			isa = XCBuildConfiguration;
			buildSettings = {
				CODE_SIGN_STYLE = Automatic;
				DEVELOPMENT_TEAM = TU2682LVXY;
				ENABLE_HARDENED_RUNTIME = YES;
				PRODUCT_NAME = "$(TARGET_NAME)";
				SWIFT_VERSION = 5.0;
			};
			name = Debug;
		};
		3D9073C728DC95B8008C1551 /* Release */ = {
			isa = XCBuildConfiguration;
			buildSettings = {
				CODE_SIGN_STYLE = Automatic;
				DEVELOPMENT_TEAM = TU2682LVXY;
				ENABLE_HARDENED_RUNTIME = YES;
				PRODUCT_NAME = "$(TARGET_NAME)";
				SWIFT_VERSION = 5.0;
			};
			name = Release;
		};
/* End XCBuildConfiguration section */

/* Begin XCConfigurationList section */
		3D9073B928DC95B8008C1551 /* Build configuration list for PBXProject "TheMatrix" */ = {
			isa = XCConfigurationList;
			buildConfigurations = (
				3D9073C328DC95B8008C1551 /* Debug */,
				3D9073C428DC95B8008C1551 /* Release */,
			);
			defaultConfigurationIsVisible = 0;
			defaultConfigurationName = Release;
		};
		3D9073C528DC95B8008C1551 /* Build configuration list for PBXNativeTarget "TheMatrix" */ = {
			isa = XCConfigurationList;
			buildConfigurations = (
				3D9073C628DC95B8008C1551 /* Debug */,
				3D9073C728DC95B8008C1551 /* Release */,
			);
			defaultConfigurationIsVisible = 0;
			defaultConfigurationName = Release;
		};
/* End XCConfigurationList section */
	};
	rootObject = 3D9073B628DC95B8008C1551 /* Project object */;
}
